PODS:
  - MarqueeLabel (4.0.0)
  - NotificationBannerSwift (2.5.1):
    - MarqueeLabel (~> 4.0.0)
    - SnapKit (~> 5.0.0)
  - RxCocoa (5.0.1):
    - RxRelay (~> 5)
    - RxSwift (~> 5)
  - RxRelay (5.0.0):
    - RxSwift (~> 5)
  - RxSwift (5.0.1)
  - SnapKit (5.0.0)

DEPENDENCIES:
  - NotificationBannerSwift (= 2.5.1)
  - RxCocoa (from `https://github.com/ReactiveX/RxSwift`)
  - RxSwift (from `https://github.com/ReactiveX/RxSwift`)

SPEC REPOS:
  https://github.com/CocoaPods/Specs.git:
    - MarqueeLabel
    - NotificationBannerSwift
    - RxRelay
    - SnapKit

EXTERNAL SOURCES:
  RxCocoa:
    :git: https://github.com/ReactiveX/RxSwift
  RxSwift:
    :git: https://github.com/ReactiveX/RxSwift

CHECKOUT OPTIONS:
  RxCocoa:
    :commit: 9b31a15520306b073cb9d46456f64826c1d6dcab
    :git: https://github.com/ReactiveX/RxSwift
  RxSwift:
    :commit: 9b31a15520306b073cb9d46456f64826c1d6dcab
    :git: https://github.com/ReactiveX/RxSwift

SPEC CHECKSUMS:
  MarqueeLabel: b55b26e690b6ad41faedd95cbf5eae6f1d1735b4
  NotificationBannerSwift: e55dd801b0d78f1a7bacb10d722a935ec95f94a3
  RxCocoa: e741b9749968e8a143e2b787f1dfbff2b63d0a5c
  RxRelay: 4f7409406a51a55cd88483f21ed898c234d60f18
  RxSwift: e2dc62b366a3adf6a0be44ba9f405efd4c94e0c4
  SnapKit: fd22d10eb9aff484d79a8724eab922c1ddf89bcf

PODFILE CHECKSUM: 36c227fbe1acffdcd70bb604ce636ec9bc760cb1

COCOAPODS: 1.8.4
