// !$*UTF8*$!
{
	archiveVersion = 1;
	classes = {
	};
	objectVersion = 51;
	objects = {

/* Begin PBXBuildFile section */
		10902D13DA0DAED4C48BEE22 /* Pods_WUMessages_iOS.framework in Frameworks */ = {isa = PBXBuildFile; fileRef = 00A06BB3FD895E44E6F56DB9 /* Pods_WUMessages_iOS.framework */; };
		3D9C42A222745900000A6585 /* WUMessages.swift in Sources */ = {isa = PBXBuildFile; fileRef = 3D9C42A122745900000A6585 /* WUMessages.swift */; };
		3D9C42F62274604A000A6585 /* WUMessages.framework in Frameworks */ = {isa = PBXBuildFile; fileRef = 3D9C429022745894000A6585 /* WUMessages.framework */; };
		3D9C42FC22746078000A6585 /* WUMessagesTests.swift in Sources */ = {isa = PBXBuildFile; fileRef = 3D9C42D722745CDE000A6585 /* WUMessagesTests.swift */; };
		3D9C43242274629B000A6585 /* AppDelegate.swift in Sources */ = {isa = PBXBuildFile; fileRef = 3D9C43232274629B000A6585 /* AppDelegate.swift */; };
		3D9C43262274629B000A6585 /* ViewController.swift in Sources */ = {isa = PBXBuildFile; fileRef = 3D9C43252274629B000A6585 /* ViewController.swift */; };
		3D9C432B2274629C000A6585 /* Assets.xcassets in Resources */ = {isa = PBXBuildFile; fileRef = 3D9C432A2274629C000A6585 /* Assets.xcassets */; };
		3D9C432E2274629C000A6585 /* LaunchScreen.storyboard in Resources */ = {isa = PBXBuildFile; fileRef = 3D9C432C2274629C000A6585 /* LaunchScreen.storyboard */; };
		991EE25709ED95A928595291 /* Pods_WUMessages_iOSTests.framework in Frameworks */ = {isa = PBXBuildFile; fileRef = 21EDA322FA4D2F05F7EAF414 /* Pods_WUMessages_iOSTests.framework */; };
		9C4CA685A3AB806268BD6F83 /* Pods_Example.framework in Frameworks */ = {isa = PBXBuildFile; fileRef = 4ED33010ACECCD2BDA7EE897 /* Pods_Example.framework */; };
		CF59196822F195E100A739C1 /* ExampleMessages.swift in Sources */ = {isa = PBXBuildFile; fileRef = CF59196722F195E100A739C1 /* ExampleMessages.swift */; };
		CF59197522F1C43300A739C1 /* WUMessagesProtocol.swift in Sources */ = {isa = PBXBuildFile; fileRef = CF59196F22F1C40700A739C1 /* WUMessagesProtocol.swift */; };
		CF59197622F1C43500A739C1 /* WUAlertsProtocol.swift in Sources */ = {isa = PBXBuildFile; fileRef = CF59197122F1C41800A739C1 /* WUAlertsProtocol.swift */; };
		CF59197722F1C4A900A739C1 /* WUMessage.swift in Sources */ = {isa = PBXBuildFile; fileRef = CF59196522F1959500A739C1 /* WUMessage.swift */; };
		CF59197822F1C4AB00A739C1 /* WUMessageSource.swift in Sources */ = {isa = PBXBuildFile; fileRef = CF59196D22F1C3E600A739C1 /* WUMessageSource.swift */; };
		CF59197922F1C4AE00A739C1 /* WUMessageAction.swift in Sources */ = {isa = PBXBuildFile; fileRef = CF59196922F1C27F00A739C1 /* WUMessageAction.swift */; };
		CF59197A22F1C4B200A739C1 /* WUTextFieldMessageAction.swift in Sources */ = {isa = PBXBuildFile; fileRef = CF59196B22F1C33300A739C1 /* WUTextFieldMessageAction.swift */; };
		CF59197D22F2E07000A739C1 /* WUMessages+NotificationBanner.swift in Sources */ = {isa = PBXBuildFile; fileRef = CF59197C22F2E07000A739C1 /* WUMessages+NotificationBanner.swift */; };
		CF59198122F41D9E00A739C1 /* Main.storyboard in Resources */ = {isa = PBXBuildFile; fileRef = CF59198022F41D9E00A739C1 /* Main.storyboard */; };
		CF59198722F4617900A739C1 /* WUMessages.framework in Frameworks */ = {isa = PBXBuildFile; fileRef = 3D9C429022745894000A6585 /* WUMessages.framework */; };
		CF59198822F4617900A739C1 /* WUMessages.framework in Embed Frameworks */ = {isa = PBXBuildFile; fileRef = 3D9C429022745894000A6585 /* WUMessages.framework */; settings = {ATTRIBUTES = (CodeSignOnCopy, RemoveHeadersOnCopy, ); }; };
		CF59198E22F47BE100A739C1 /* ExampleMessagesProtocol.swift in Sources */ = {isa = PBXBuildFile; fileRef = CF59198D22F47BE100A739C1 /* ExampleMessagesProtocol.swift */; };
		CF59199022F47C5800A739C1 /* ExampleMessages+Default.swift in Sources */ = {isa = PBXBuildFile; fileRef = CF59198F22F47C5800A739C1 /* ExampleMessages+Default.swift */; };
		CF59199322F81F7900A739C1 /* WUMessage+AttributedString.swift in Sources */ = {isa = PBXBuildFile; fileRef = CF59199122F81F5E00A739C1 /* WUMessage+AttributedString.swift */; };
		CF59199622F81FE000A739C1 /* DispatchTimeInterval+Double.swift in Sources */ = {isa = PBXBuildFile; fileRef = CF59199422F81FC300A739C1 /* DispatchTimeInterval+Double.swift */; };
		CF59199822F84E4000A739C1 /* WUMessagesNotificationBanner+WUMessagesProtocol.swift in Sources */ = {isa = PBXBuildFile; fileRef = CF59199722F84E4000A739C1 /* WUMessagesNotificationBanner+WUMessagesProtocol.swift */; };
/* End PBXBuildFile section */

/* Begin PBXContainerItemProxy section */
		3D9C42F72274604A000A6585 /* PBXContainerItemProxy */ = {
			isa = PBXContainerItemProxy;
			containerPortal = 3D9C428722745894000A6585 /* Project object */;
			proxyType = 1;
			remoteGlobalIDString = 3D9C428F22745894000A6585;
			remoteInfo = "WUMessages-iOS";
		};
		CF59198922F4617900A739C1 /* PBXContainerItemProxy */ = {
			isa = PBXContainerItemProxy;
			containerPortal = 3D9C428722745894000A6585 /* Project object */;
			proxyType = 1;
			remoteGlobalIDString = 3D9C428F22745894000A6585;
			remoteInfo = "WUMessages-iOS";
		};
/* End PBXContainerItemProxy section */

/* Begin PBXCopyFilesBuildPhase section */
		CF59198B22F4617A00A739C1 /* Embed Frameworks */ = {
			isa = PBXCopyFilesBuildPhase;
			buildActionMask = 2147483647;
			dstPath = "";
			dstSubfolderSpec = 10;
			files = (
				CF59198822F4617900A739C1 /* WUMessages.framework in Embed Frameworks */,
			);
			name = "Embed Frameworks";
			runOnlyForDeploymentPostprocessing = 0;
		};
/* End PBXCopyFilesBuildPhase section */

/* Begin PBXFileReference section */
		00A06BB3FD895E44E6F56DB9 /* Pods_WUMessages_iOS.framework */ = {isa = PBXFileReference; explicitFileType = wrapper.framework; includeInIndex = 0; path = Pods_WUMessages_iOS.framework; sourceTree = BUILT_PRODUCTS_DIR; };
		21EDA322FA4D2F05F7EAF414 /* Pods_WUMessages_iOSTests.framework */ = {isa = PBXFileReference; explicitFileType = wrapper.framework; includeInIndex = 0; path = Pods_WUMessages_iOSTests.framework; sourceTree = BUILT_PRODUCTS_DIR; };
		3D9C429022745894000A6585 /* WUMessages.framework */ = {isa = PBXFileReference; explicitFileType = wrapper.framework; includeInIndex = 0; path = WUMessages.framework; sourceTree = BUILT_PRODUCTS_DIR; };
		3D9C429C227458E8000A6585 /* WUMessages.plist */ = {isa = PBXFileReference; fileEncoding = 4; lastKnownFileType = text.plist.xml; path = WUMessages.plist; sourceTree = "<group>"; };
		3D9C429D227458E8000A6585 /* WUMessagesTests.plist */ = {isa = PBXFileReference; fileEncoding = 4; lastKnownFileType = text.plist.xml; path = WUMessagesTests.plist; sourceTree = "<group>"; };
		3D9C42A122745900000A6585 /* WUMessages.swift */ = {isa = PBXFileReference; lastKnownFileType = sourcecode.swift; path = WUMessages.swift; sourceTree = "<group>"; };
		3D9C42A92274599D000A6585 /* WUMessages.framework */ = {isa = PBXFileReference; explicitFileType = wrapper.framework; includeInIndex = 0; path = WUMessages.framework; sourceTree = BUILT_PRODUCTS_DIR; };
		3D9C42B7227459D6000A6585 /* WUMessages.framework */ = {isa = PBXFileReference; explicitFileType = wrapper.framework; includeInIndex = 0; path = WUMessages.framework; sourceTree = BUILT_PRODUCTS_DIR; };
		3D9C42C522745A07000A6585 /* WUMessages.framework */ = {isa = PBXFileReference; explicitFileType = wrapper.framework; includeInIndex = 0; path = WUMessages.framework; sourceTree = BUILT_PRODUCTS_DIR; };
		3D9C42D222745B48000A6585 /* LICENSE */ = {isa = PBXFileReference; lastKnownFileType = text; path = LICENSE; sourceTree = SOURCE_ROOT; };
		3D9C42D322745B48000A6585 /* Package.swift */ = {isa = PBXFileReference; lastKnownFileType = sourcecode.swift; path = Package.swift; sourceTree = SOURCE_ROOT; };
		3D9C42D422745B48000A6585 /* WUMessages.podspec */ = {isa = PBXFileReference; lastKnownFileType = text; path = WUMessages.podspec; sourceTree = SOURCE_ROOT; };
		3D9C42D522745B48000A6585 /* README.md */ = {isa = PBXFileReference; lastKnownFileType = net.daringfireball.markdown; path = README.md; sourceTree = SOURCE_ROOT; };
		3D9C42D722745CDE000A6585 /* WUMessagesTests.swift */ = {isa = PBXFileReference; lastKnownFileType = sourcecode.swift; path = WUMessagesTests.swift; sourceTree = "<group>"; };
		3D9C42D822745DAF000A6585 /* .jazzy.yaml */ = {isa = PBXFileReference; lastKnownFileType = text; path = .jazzy.yaml; sourceTree = SOURCE_ROOT; };
		3D9C42D922745DAF000A6585 /* .swiftlint.yml */ = {isa = PBXFileReference; lastKnownFileType = text; path = .swiftlint.yml; sourceTree = SOURCE_ROOT; };
		3D9C42DA22745DB0000A6585 /* .swift-version */ = {isa = PBXFileReference; lastKnownFileType = text; path = ".swift-version"; sourceTree = SOURCE_ROOT; };
		3D9C42DB22745DB0000A6585 /* .gitignore */ = {isa = PBXFileReference; lastKnownFileType = text; path = .gitignore; sourceTree = SOURCE_ROOT; };
		3D9C42EC22745FDA000A6585 /* LinuxMain.swift */ = {isa = PBXFileReference; lastKnownFileType = sourcecode.swift; path = LinuxMain.swift; sourceTree = "<group>"; };
		3D9C42F12274604A000A6585 /* WUMessages-iOSTests.xctest */ = {isa = PBXFileReference; explicitFileType = wrapper.cfbundle; includeInIndex = 0; path = "WUMessages-iOSTests.xctest"; sourceTree = BUILT_PRODUCTS_DIR; };
		3D9C43012274611B000A6585 /* WUMessages-tvOSTests.xctest */ = {isa = PBXFileReference; explicitFileType = wrapper.cfbundle; includeInIndex = 0; path = "WUMessages-tvOSTests.xctest"; sourceTree = BUILT_PRODUCTS_DIR; };
		3D9C431122746198000A6585 /* WUMessages-macOSTests.xctest */ = {isa = PBXFileReference; explicitFileType = wrapper.cfbundle; includeInIndex = 0; path = "WUMessages-macOSTests.xctest"; sourceTree = BUILT_PRODUCTS_DIR; };
		3D9C43212274629B000A6585 /* Example.app */ = {isa = PBXFileReference; explicitFileType = wrapper.application; includeInIndex = 0; path = Example.app; sourceTree = BUILT_PRODUCTS_DIR; };
		3D9C43232274629B000A6585 /* AppDelegate.swift */ = {isa = PBXFileReference; lastKnownFileType = sourcecode.swift; path = AppDelegate.swift; sourceTree = "<group>"; };
		3D9C43252274629B000A6585 /* ViewController.swift */ = {isa = PBXFileReference; lastKnownFileType = sourcecode.swift; path = ViewController.swift; sourceTree = "<group>"; };
		3D9C432A2274629C000A6585 /* Assets.xcassets */ = {isa = PBXFileReference; lastKnownFileType = folder.assetcatalog; path = Assets.xcassets; sourceTree = "<group>"; };
		3D9C432D2274629C000A6585 /* Base */ = {isa = PBXFileReference; lastKnownFileType = file.storyboard; name = Base; path = Base.lproj/LaunchScreen.storyboard; sourceTree = "<group>"; };
		3D9C432F2274629C000A6585 /* Info.plist */ = {isa = PBXFileReference; lastKnownFileType = text.plist.xml; path = Info.plist; sourceTree = "<group>"; };
		4ED33010ACECCD2BDA7EE897 /* Pods_Example.framework */ = {isa = PBXFileReference; explicitFileType = wrapper.framework; includeInIndex = 0; path = Pods_Example.framework; sourceTree = BUILT_PRODUCTS_DIR; };
		57831E923136498C185A22F8 /* Pods-WUMessages-iOSTests.debug.xcconfig */ = {isa = PBXFileReference; includeInIndex = 1; lastKnownFileType = text.xcconfig; name = "Pods-WUMessages-iOSTests.debug.xcconfig"; path = "Target Support Files/Pods-WUMessages-iOSTests/Pods-WUMessages-iOSTests.debug.xcconfig"; sourceTree = "<group>"; };
		63CD216DB467110B3B553D73 /* Pods-WUMessages-iOS.debug.xcconfig */ = {isa = PBXFileReference; includeInIndex = 1; lastKnownFileType = text.xcconfig; name = "Pods-WUMessages-iOS.debug.xcconfig"; path = "Target Support Files/Pods-WUMessages-iOS/Pods-WUMessages-iOS.debug.xcconfig"; sourceTree = "<group>"; };
		760FE71EBE9E38C9B7DF4567 /* Pods-WUMessages-iOSTests.release.xcconfig */ = {isa = PBXFileReference; includeInIndex = 1; lastKnownFileType = text.xcconfig; name = "Pods-WUMessages-iOSTests.release.xcconfig"; path = "Target Support Files/Pods-WUMessages-iOSTests/Pods-WUMessages-iOSTests.release.xcconfig"; sourceTree = "<group>"; };
		807923CF68C2DA500B99DACB /* Pods-WUMessages-iOS.release.xcconfig */ = {isa = PBXFileReference; includeInIndex = 1; lastKnownFileType = text.xcconfig; name = "Pods-WUMessages-iOS.release.xcconfig"; path = "Target Support Files/Pods-WUMessages-iOS/Pods-WUMessages-iOS.release.xcconfig"; sourceTree = "<group>"; };
		9C6367A02D8C82B2537DA6B7 /* Pods-Example.debug.xcconfig */ = {isa = PBXFileReference; includeInIndex = 1; lastKnownFileType = text.xcconfig; name = "Pods-Example.debug.xcconfig"; path = "Target Support Files/Pods-Example/Pods-Example.debug.xcconfig"; sourceTree = "<group>"; };
		A0E48D44C8DC845DD4BF8D3E /* Pods-Example.release.xcconfig */ = {isa = PBXFileReference; includeInIndex = 1; lastKnownFileType = text.xcconfig; name = "Pods-Example.release.xcconfig"; path = "Target Support Files/Pods-Example/Pods-Example.release.xcconfig"; sourceTree = "<group>"; };
		CF59196522F1959500A739C1 /* WUMessage.swift */ = {isa = PBXFileReference; lastKnownFileType = sourcecode.swift; path = WUMessage.swift; sourceTree = "<group>"; };
		CF59196722F195E100A739C1 /* ExampleMessages.swift */ = {isa = PBXFileReference; lastKnownFileType = sourcecode.swift; path = ExampleMessages.swift; sourceTree = "<group>"; };
		CF59196922F1C27F00A739C1 /* WUMessageAction.swift */ = {isa = PBXFileReference; lastKnownFileType = sourcecode.swift; path = WUMessageAction.swift; sourceTree = "<group>"; };
		CF59196B22F1C33300A739C1 /* WUTextFieldMessageAction.swift */ = {isa = PBXFileReference; lastKnownFileType = sourcecode.swift; path = WUTextFieldMessageAction.swift; sourceTree = "<group>"; };
		CF59196D22F1C3E600A739C1 /* WUMessageSource.swift */ = {isa = PBXFileReference; lastKnownFileType = sourcecode.swift; path = WUMessageSource.swift; sourceTree = "<group>"; };
		CF59196F22F1C40700A739C1 /* WUMessagesProtocol.swift */ = {isa = PBXFileReference; lastKnownFileType = sourcecode.swift; path = WUMessagesProtocol.swift; sourceTree = "<group>"; };
		CF59197122F1C41800A739C1 /* WUAlertsProtocol.swift */ = {isa = PBXFileReference; lastKnownFileType = sourcecode.swift; path = WUAlertsProtocol.swift; sourceTree = "<group>"; };
		CF59197C22F2E07000A739C1 /* WUMessages+NotificationBanner.swift */ = {isa = PBXFileReference; lastKnownFileType = sourcecode.swift; path = "WUMessages+NotificationBanner.swift"; sourceTree = "<group>"; };
		CF59197F22F33C5D00A739C1 /* Podfile */ = {isa = PBXFileReference; lastKnownFileType = text; path = Podfile; sourceTree = SOURCE_ROOT; };
		CF59198022F41D9E00A739C1 /* Main.storyboard */ = {isa = PBXFileReference; lastKnownFileType = file.storyboard; path = Main.storyboard; sourceTree = "<group>"; };
		CF59198222F4614800A739C1 /* MarqueeLabel.framework */ = {isa = PBXFileReference; explicitFileType = wrapper.framework; path = MarqueeLabel.framework; sourceTree = BUILT_PRODUCTS_DIR; };
		CF59198422F4615800A739C1 /* MarqueeLabel.framework */ = {isa = PBXFileReference; explicitFileType = wrapper.framework; path = MarqueeLabel.framework; sourceTree = BUILT_PRODUCTS_DIR; };
		CF59198D22F47BE100A739C1 /* ExampleMessagesProtocol.swift */ = {isa = PBXFileReference; lastKnownFileType = sourcecode.swift; path = ExampleMessagesProtocol.swift; sourceTree = "<group>"; };
		CF59198F22F47C5800A739C1 /* ExampleMessages+Default.swift */ = {isa = PBXFileReference; lastKnownFileType = sourcecode.swift; path = "ExampleMessages+Default.swift"; sourceTree = "<group>"; };
		CF59199122F81F5E00A739C1 /* WUMessage+AttributedString.swift */ = {isa = PBXFileReference; lastKnownFileType = sourcecode.swift; path = "WUMessage+AttributedString.swift"; sourceTree = "<group>"; };
		CF59199422F81FC300A739C1 /* DispatchTimeInterval+Double.swift */ = {isa = PBXFileReference; lastKnownFileType = sourcecode.swift; path = "DispatchTimeInterval+Double.swift"; sourceTree = "<group>"; };
		CF59199722F84E4000A739C1 /* WUMessagesNotificationBanner+WUMessagesProtocol.swift */ = {isa = PBXFileReference; lastKnownFileType = sourcecode.swift; path = "WUMessagesNotificationBanner+WUMessagesProtocol.swift"; sourceTree = "<group>"; };
		CF59199922F84E8100A739C1 /* .swiftformat */ = {isa = PBXFileReference; lastKnownFileType = text; path = .swiftformat; sourceTree = "<group>"; };
		CF59199A22F84E8100A739C1 /* .swiftlint.yml */ = {isa = PBXFileReference; lastKnownFileType = text; path = .swiftlint.yml; sourceTree = "<group>"; };
/* End PBXFileReference section */

/* Begin PBXFrameworksBuildPhase section */
		3D9C428D22745894000A6585 /* Frameworks */ = {
			isa = PBXFrameworksBuildPhase;
			buildActionMask = 2147483647;
			files = (
				10902D13DA0DAED4C48BEE22 /* Pods_WUMessages_iOS.framework in Frameworks */,
			);
			runOnlyForDeploymentPostprocessing = 0;
		};
		3D9C42EE2274604A000A6585 /* Frameworks */ = {
			isa = PBXFrameworksBuildPhase;
			buildActionMask = 2147483647;
			files = (
				3D9C42F62274604A000A6585 /* WUMessages.framework in Frameworks */,
				991EE25709ED95A928595291 /* Pods_WUMessages_iOSTests.framework in Frameworks */,
			);
			runOnlyForDeploymentPostprocessing = 0;
		};
		3D9C431E2274629B000A6585 /* Frameworks */ = {
			isa = PBXFrameworksBuildPhase;
			buildActionMask = 2147483647;
			files = (
				CF59198722F4617900A739C1 /* WUMessages.framework in Frameworks */,
				9C4CA685A3AB806268BD6F83 /* Pods_Example.framework in Frameworks */,
			);
			runOnlyForDeploymentPostprocessing = 0;
		};
/* End PBXFrameworksBuildPhase section */

/* Begin PBXGroup section */
		0A445B23DF6A01EF1E4571C0 /* Pods */ = {
			isa = PBXGroup;
			children = (
				63CD216DB467110B3B553D73 /* Pods-WUMessages-iOS.debug.xcconfig */,
				807923CF68C2DA500B99DACB /* Pods-WUMessages-iOS.release.xcconfig */,
				57831E923136498C185A22F8 /* Pods-WUMessages-iOSTests.debug.xcconfig */,
				760FE71EBE9E38C9B7DF4567 /* Pods-WUMessages-iOSTests.release.xcconfig */,
				9C6367A02D8C82B2537DA6B7 /* Pods-Example.debug.xcconfig */,
				A0E48D44C8DC845DD4BF8D3E /* Pods-Example.release.xcconfig */,
			);
			path = Pods;
			sourceTree = "<group>";
		};
		3D9C428622745894000A6585 = {
			isa = PBXGroup;
			children = (
				CF59199922F84E8100A739C1 /* .swiftformat */,
				CF59199A22F84E8100A739C1 /* .swiftlint.yml */,
				CF59198422F4615800A739C1 /* MarqueeLabel.framework */,
				3D9C42A0227458FA000A6585 /* Sources */,
				3D9C42A32274595F000A6585 /* Tests */,
				3D9C43222274629B000A6585 /* Example */,
				3D9C429B227458E8000A6585 /* Configs */,
				3D9C429122745894000A6585 /* Products */,
				0A445B23DF6A01EF1E4571C0 /* Pods */,
				77818C8FCB8C1301FCCF8B45 /* Frameworks */,
			);
			sourceTree = "<group>";
		};
		3D9C429122745894000A6585 /* Products */ = {
			isa = PBXGroup;
			children = (
				3D9C429022745894000A6585 /* WUMessages.framework */,
				3D9C42A92274599D000A6585 /* WUMessages.framework */,
				3D9C42B7227459D6000A6585 /* WUMessages.framework */,
				3D9C42C522745A07000A6585 /* WUMessages.framework */,
				3D9C42F12274604A000A6585 /* WUMessages-iOSTests.xctest */,
				3D9C43012274611B000A6585 /* WUMessages-tvOSTests.xctest */,
				3D9C431122746198000A6585 /* WUMessages-macOSTests.xctest */,
				3D9C43212274629B000A6585 /* Example.app */,
			);
			name = Products;
			sourceTree = "<group>";
		};
		3D9C429B227458E8000A6585 /* Configs */ = {
			isa = PBXGroup;
			children = (
				3D9C429C227458E8000A6585 /* WUMessages.plist */,
				3D9C429D227458E8000A6585 /* WUMessagesTests.plist */,
				3D9C42D422745B48000A6585 /* WUMessages.podspec */,
				CF59197F22F33C5D00A739C1 /* Podfile */,
				3D9C42D322745B48000A6585 /* Package.swift */,
				3D9C42D222745B48000A6585 /* LICENSE */,
				3D9C42D522745B48000A6585 /* README.md */,
				3D9C42DB22745DB0000A6585 /* .gitignore */,
				3D9C42D822745DAF000A6585 /* .jazzy.yaml */,
				3D9C42DA22745DB0000A6585 /* .swift-version */,
				3D9C42D922745DAF000A6585 /* .swiftlint.yml */,
			);
			path = Configs;
			sourceTree = "<group>";
		};
		3D9C42A0227458FA000A6585 /* Sources */ = {
			isa = PBXGroup;
			children = (
				3D9C42A122745900000A6585 /* WUMessages.swift */,
				CF59196F22F1C40700A739C1 /* WUMessagesProtocol.swift */,
				CF59197B22F2DEAD00A739C1 /* WUMessages+NotificationBanner */,
				CF59197122F1C41800A739C1 /* WUAlertsProtocol.swift */,
				CF59197322F1C42B00A739C1 /* Models */,
			);
			path = Sources;
			sourceTree = "<group>";
		};
		3D9C42A32274595F000A6585 /* Tests */ = {
			isa = PBXGroup;
			children = (
				3D9C42EC22745FDA000A6585 /* LinuxMain.swift */,
				3D9C42D722745CDE000A6585 /* WUMessagesTests.swift */,
			);
			path = Tests;
			sourceTree = "<group>";
		};
		3D9C43222274629B000A6585 /* Example */ = {
			isa = PBXGroup;
			children = (
				3D9C43232274629B000A6585 /* AppDelegate.swift */,
				CF59198022F41D9E00A739C1 /* Main.storyboard */,
				3D9C43252274629B000A6585 /* ViewController.swift */,
				CF59198C22F47BD300A739C1 /* ExampleMessages */,
				3D9C4333227462B9000A6585 /* Resources */,
			);
			path = Example;
			sourceTree = "<group>";
		};
		3D9C4333227462B9000A6585 /* Resources */ = {
			isa = PBXGroup;
			children = (
				3D9C432A2274629C000A6585 /* Assets.xcassets */,
				3D9C432C2274629C000A6585 /* LaunchScreen.storyboard */,
				3D9C432F2274629C000A6585 /* Info.plist */,
			);
			path = Resources;
			sourceTree = "<group>";
		};
		77818C8FCB8C1301FCCF8B45 /* Frameworks */ = {
			isa = PBXGroup;
			children = (
				CF59198222F4614800A739C1 /* MarqueeLabel.framework */,
				00A06BB3FD895E44E6F56DB9 /* Pods_WUMessages_iOS.framework */,
				21EDA322FA4D2F05F7EAF414 /* Pods_WUMessages_iOSTests.framework */,
				4ED33010ACECCD2BDA7EE897 /* Pods_Example.framework */,
			);
			name = Frameworks;
			sourceTree = "<group>";
		};
		CF59197322F1C42B00A739C1 /* Models */ = {
			isa = PBXGroup;
			children = (
				CF59196522F1959500A739C1 /* WUMessage.swift */,
				CF59196D22F1C3E600A739C1 /* WUMessageSource.swift */,
				CF59196922F1C27F00A739C1 /* WUMessageAction.swift */,
				CF59196B22F1C33300A739C1 /* WUTextFieldMessageAction.swift */,
			);
			path = Models;
			sourceTree = "<group>";
		};
		CF59197B22F2DEAD00A739C1 /* WUMessages+NotificationBanner */ = {
			isa = PBXGroup;
			children = (
				CF59197C22F2E07000A739C1 /* WUMessages+NotificationBanner.swift */,
				CF59199722F84E4000A739C1 /* WUMessagesNotificationBanner+WUMessagesProtocol.swift */,
				CF59199422F81FC300A739C1 /* DispatchTimeInterval+Double.swift */,
				CF59199122F81F5E00A739C1 /* WUMessage+AttributedString.swift */,
			);
			path = "WUMessages+NotificationBanner";
			sourceTree = "<group>";
		};
		CF59198C22F47BD300A739C1 /* ExampleMessages */ = {
			isa = PBXGroup;
			children = (
				CF59198D22F47BE100A739C1 /* ExampleMessagesProtocol.swift */,
				CF59196722F195E100A739C1 /* ExampleMessages.swift */,
				CF59198F22F47C5800A739C1 /* ExampleMessages+Default.swift */,
			);
			path = ExampleMessages;
			sourceTree = "<group>";
		};
/* End PBXGroup section */

/* Begin PBXHeadersBuildPhase section */
		3D9C428B22745894000A6585 /* Headers */ = {
			isa = PBXHeadersBuildPhase;
			buildActionMask = 2147483647;
			files = (
			);
			runOnlyForDeploymentPostprocessing = 0;
		};
/* End PBXHeadersBuildPhase section */

/* Begin PBXNativeTarget section */
		3D9C428F22745894000A6585 /* WUMessages-iOS */ = {
			isa = PBXNativeTarget;
			buildConfigurationList = 3D9C429822745894000A6585 /* Build configuration list for PBXNativeTarget "WUMessages-iOS" */;
			buildPhases = (
				92D06024A93B1C5963D969E3 /* [CP] Check Pods Manifest.lock */,
				3D9C428B22745894000A6585 /* Headers */,
				CF59196222F1829C00A739C1 /* Code Autoformatting */,
				3D9C428C22745894000A6585 /* Sources */,
				3D9C428D22745894000A6585 /* Frameworks */,
				3D9C428E22745894000A6585 /* Resources */,
				3D9C42CE22745AEA000A6585 /* Run SwiftLint */,
			);
			buildRules = (
			);
			dependencies = (
			);
			name = "WUMessages-iOS";
			productName = WUMessages;
			productReference = 3D9C429022745894000A6585 /* WUMessages.framework */;
			productType = "com.apple.product-type.framework";
		};
		3D9C42F02274604A000A6585 /* WUMessages-iOSTests */ = {
			isa = PBXNativeTarget;
			buildConfigurationList = 3D9C42F92274604A000A6585 /* Build configuration list for PBXNativeTarget "WUMessages-iOSTests" */;
			buildPhases = (
				9CA09A4E5E0F7AEAADA77D62 /* [CP] Check Pods Manifest.lock */,
				CF59196422F1831300A739C1 /* Code Autoformatting */,
				3D9C42ED2274604A000A6585 /* Sources */,
				3D9C42EE2274604A000A6585 /* Frameworks */,
				3D9C42EF2274604A000A6585 /* Resources */,
			);
			buildRules = (
			);
			dependencies = (
				3D9C42F82274604A000A6585 /* PBXTargetDependency */,
			);
			name = "WUMessages-iOSTests";
			productName = "WUMessages-iOSTests";
			productReference = 3D9C42F12274604A000A6585 /* WUMessages-iOSTests.xctest */;
			productType = "com.apple.product-type.bundle.unit-test";
		};
		3D9C43202274629B000A6585 /* Example */ = {
			isa = PBXNativeTarget;
			buildConfigurationList = 3D9C43302274629C000A6585 /* Build configuration list for PBXNativeTarget "Example" */;
			buildPhases = (
				C63AA1D3243672E8C152A1BE /* [CP] Check Pods Manifest.lock */,
				CF59196322F182FC00A739C1 /* Code Autoformatting */,
				3D9C431D2274629B000A6585 /* Sources */,
				3D9C431E2274629B000A6585 /* Frameworks */,
				3D9C431F2274629B000A6585 /* Resources */,
				CF59198B22F4617A00A739C1 /* Embed Frameworks */,
				FFCC653B53772B7D1E41C157 /* [CP] Embed Pods Frameworks */,
			);
			buildRules = (
			);
			dependencies = (
				CF59198A22F4617900A739C1 /* PBXTargetDependency */,
			);
			name = Example;
			productName = Example;
			productReference = 3D9C43212274629B000A6585 /* Example.app */;
			productType = "com.apple.product-type.application";
		};
/* End PBXNativeTarget section */

/* Begin PBXProject section */
		3D9C428722745894000A6585 /* Project object */ = {
			isa = PBXProject;
			attributes = {
				LastSwiftUpdateCheck = 1020;
				LastUpgradeCheck = 1020;
				ORGANIZATIONNAME = "Wunder Mobility";
				TargetAttributes = {
					3D9C428F22745894000A6585 = {
						CreatedOnToolsVersion = 10.2.1;
						LastSwiftMigration = 1020;
					};
					3D9C42F02274604A000A6585 = {
						CreatedOnToolsVersion = 10.2.1;
					};
					3D9C43202274629B000A6585 = {
						CreatedOnToolsVersion = 10.2.1;
					};
				};
			};
			buildConfigurationList = 3D9C428A22745894000A6585 /* Build configuration list for PBXProject "WUMessages" */;
			compatibilityVersion = "Xcode 9.3";
			developmentRegion = en;
			hasScannedForEncodings = 0;
			knownRegions = (
				en,
				Base,
			);
			mainGroup = 3D9C428622745894000A6585;
			productRefGroup = 3D9C429122745894000A6585 /* Products */;
			projectDirPath = "";
			projectRoot = "";
			targets = (
				3D9C428F22745894000A6585 /* WUMessages-iOS */,
				3D9C42F02274604A000A6585 /* WUMessages-iOSTests */,
				3D9C43202274629B000A6585 /* Example */,
			);
		};
/* End PBXProject section */

/* Begin PBXResourcesBuildPhase section */
		3D9C428E22745894000A6585 /* Resources */ = {
			isa = PBXResourcesBuildPhase;
			buildActionMask = 2147483647;
			files = (
			);
			runOnlyForDeploymentPostprocessing = 0;
		};
		3D9C42EF2274604A000A6585 /* Resources */ = {
			isa = PBXResourcesBuildPhase;
			buildActionMask = 2147483647;
			files = (
			);
			runOnlyForDeploymentPostprocessing = 0;
		};
		3D9C431F2274629B000A6585 /* Resources */ = {
			isa = PBXResourcesBuildPhase;
			buildActionMask = 2147483647;
			files = (
				CF59198122F41D9E00A739C1 /* Main.storyboard in Resources */,
				3D9C432E2274629C000A6585 /* LaunchScreen.storyboard in Resources */,
				3D9C432B2274629C000A6585 /* Assets.xcassets in Resources */,
			);
			runOnlyForDeploymentPostprocessing = 0;
		};
/* End PBXResourcesBuildPhase section */

/* Begin PBXShellScriptBuildPhase section */
		3D9C42CE22745AEA000A6585 /* Run SwiftLint */ = {
			isa = PBXShellScriptBuildPhase;
			buildActionMask = 2147483647;
			files = (
			);
			inputFileListPaths = (
			);
			inputPaths = (
			);
			name = "Run SwiftLint";
			outputFileListPaths = (
			);
			outputPaths = (
			);
			runOnlyForDeploymentPostprocessing = 0;
			shellPath = /bin/sh;
			shellScript = "if which swiftlint >/dev/null; then\nswiftlint\nelse\necho \"warning: SwiftLint not installed, download from https://github.com/realm/SwiftLint\"\nfi\n";
		};
		92D06024A93B1C5963D969E3 /* [CP] Check Pods Manifest.lock */ = {
			isa = PBXShellScriptBuildPhase;
			buildActionMask = 2147483647;
			files = (
			);
			inputFileListPaths = (
			);
			inputPaths = (
				"${PODS_PODFILE_DIR_PATH}/Podfile.lock",
				"${PODS_ROOT}/Manifest.lock",
			);
			name = "[CP] Check Pods Manifest.lock";
			outputFileListPaths = (
			);
			outputPaths = (
				"$(DERIVED_FILE_DIR)/Pods-WUMessages-iOS-checkManifestLockResult.txt",
			);
			runOnlyForDeploymentPostprocessing = 0;
			shellPath = /bin/sh;
			shellScript = "diff \"${PODS_PODFILE_DIR_PATH}/Podfile.lock\" \"${PODS_ROOT}/Manifest.lock\" > /dev/null\nif [ $? != 0 ] ; then\n    # print error to STDERR\n    echo \"error: The sandbox is not in sync with the Podfile.lock. Run 'pod install' or update your CocoaPods installation.\" >&2\n    exit 1\nfi\n# This output is used by Xcode 'outputs' to avoid re-running this script phase.\necho \"SUCCESS\" > \"${SCRIPT_OUTPUT_FILE_0}\"\n";
			showEnvVarsInLog = 0;
		};
		9CA09A4E5E0F7AEAADA77D62 /* [CP] Check Pods Manifest.lock */ = {
			isa = PBXShellScriptBuildPhase;
			buildActionMask = 2147483647;
			files = (
			);
			inputFileListPaths = (
			);
			inputPaths = (
				"${PODS_PODFILE_DIR_PATH}/Podfile.lock",
				"${PODS_ROOT}/Manifest.lock",
			);
			name = "[CP] Check Pods Manifest.lock";
			outputFileListPaths = (
			);
			outputPaths = (
				"$(DERIVED_FILE_DIR)/Pods-WUMessages-iOSTests-checkManifestLockResult.txt",
			);
			runOnlyForDeploymentPostprocessing = 0;
			shellPath = /bin/sh;
			shellScript = "diff \"${PODS_PODFILE_DIR_PATH}/Podfile.lock\" \"${PODS_ROOT}/Manifest.lock\" > /dev/null\nif [ $? != 0 ] ; then\n    # print error to STDERR\n    echo \"error: The sandbox is not in sync with the Podfile.lock. Run 'pod install' or update your CocoaPods installation.\" >&2\n    exit 1\nfi\n# This output is used by Xcode 'outputs' to avoid re-running this script phase.\necho \"SUCCESS\" > \"${SCRIPT_OUTPUT_FILE_0}\"\n";
			showEnvVarsInLog = 0;
		};
		C63AA1D3243672E8C152A1BE /* [CP] Check Pods Manifest.lock */ = {
			isa = PBXShellScriptBuildPhase;
			buildActionMask = 2147483647;
			files = (
			);
			inputFileListPaths = (
			);
			inputPaths = (
				"${PODS_PODFILE_DIR_PATH}/Podfile.lock",
				"${PODS_ROOT}/Manifest.lock",
			);
			name = "[CP] Check Pods Manifest.lock";
			outputFileListPaths = (
			);
			outputPaths = (
				"$(DERIVED_FILE_DIR)/Pods-Example-checkManifestLockResult.txt",
			);
			runOnlyForDeploymentPostprocessing = 0;
			shellPath = /bin/sh;
			shellScript = "diff \"${PODS_PODFILE_DIR_PATH}/Podfile.lock\" \"${PODS_ROOT}/Manifest.lock\" > /dev/null\nif [ $? != 0 ] ; then\n    # print error to STDERR\n    echo \"error: The sandbox is not in sync with the Podfile.lock. Run 'pod install' or update your CocoaPods installation.\" >&2\n    exit 1\nfi\n# This output is used by Xcode 'outputs' to avoid re-running this script phase.\necho \"SUCCESS\" > \"${SCRIPT_OUTPUT_FILE_0}\"\n";
			showEnvVarsInLog = 0;
		};
		CF59196222F1829C00A739C1 /* Code Autoformatting */ = {
			isa = PBXShellScriptBuildPhase;
			buildActionMask = 2147483647;
			files = (
			);
			inputFileListPaths = (
			);
			inputPaths = (
			);
			name = "Code Autoformatting";
			outputFileListPaths = (
			);
			outputPaths = (
			);
			runOnlyForDeploymentPostprocessing = 0;
			shellPath = /bin/sh;
			shellScript = "echo 'Autoformatting Code'\n\nscriptsPath=\"${SRCROOT}\"/Scripts\n\nformatMePath=\"$scriptsPath\"/formatMe.py\nconfigurationPath=\"${SRCROOT}\"/.swiftformat\n\nformatDestinationPath='./Sources'\n\necho \"Using script from: $formatMePath\"\necho \"Using configuration from: $configurationPath\"\n\n\"${formatMePath}\" --path \"${formatDestinationPath}\" --config \"${configurationPath}\"\n";
		};
		CF59196322F182FC00A739C1 /* Code Autoformatting */ = {
			isa = PBXShellScriptBuildPhase;
			buildActionMask = 2147483647;
			files = (
			);
			inputFileListPaths = (
			);
			inputPaths = (
			);
			name = "Code Autoformatting";
			outputFileListPaths = (
			);
			outputPaths = (
			);
			runOnlyForDeploymentPostprocessing = 0;
			shellPath = /bin/sh;
			shellScript = "echo 'Autoformatting Code'\n\nscriptsPath=\"${SRCROOT}\"/Scripts\n\nformatMePath=\"$scriptsPath\"/formatMe.py\nconfigurationPath=\"${SRCROOT}\"/.swiftformat\n\nformatDestinationPath='./Example'\n\necho \"Using script from: $formatMePath\"\necho \"Using configuration from: $configurationPath\"\n\n\"${formatMePath}\" --path \"${formatDestinationPath}\" --config \"${configurationPath}\"\n";
		};
		CF59196422F1831300A739C1 /* Code Autoformatting */ = {
			isa = PBXShellScriptBuildPhase;
			buildActionMask = 2147483647;
			files = (
			);
			inputFileListPaths = (
			);
			inputPaths = (
			);
			name = "Code Autoformatting";
			outputFileListPaths = (
			);
			outputPaths = (
			);
			runOnlyForDeploymentPostprocessing = 0;
			shellPath = /bin/sh;
			shellScript = "echo 'Autoformatting Code'\n\nscriptsPath=\"${SRCROOT}\"/Scripts\n\nformatMePath=\"$scriptsPath\"/formatMe.py\nconfigurationPath=\"${SRCROOT}\"/.swiftformat\n\nformatDestinationPath='./Tests'\n\necho \"Using script from: $formatMePath\"\necho \"Using configuration from: $configurationPath\"\n\n\"${formatMePath}\" --path \"${formatDestinationPath}\" --config \"${configurationPath}\"\n";
		};
		FFCC653B53772B7D1E41C157 /* [CP] Embed Pods Frameworks */ = {
			isa = PBXShellScriptBuildPhase;
			buildActionMask = 2147483647;
			files = (
			);
			inputFileListPaths = (
				"${PODS_ROOT}/Target Support Files/Pods-Example/Pods-Example-frameworks-${CONFIGURATION}-input-files.xcfilelist",
			);
			name = "[CP] Embed Pods Frameworks";
			outputFileListPaths = (
				"${PODS_ROOT}/Target Support Files/Pods-Example/Pods-Example-frameworks-${CONFIGURATION}-output-files.xcfilelist",
			);
			runOnlyForDeploymentPostprocessing = 0;
			shellPath = /bin/sh;
			shellScript = "\"${PODS_ROOT}/Target Support Files/Pods-Example/Pods-Example-frameworks.sh\"\n";
			showEnvVarsInLog = 0;
		};
/* End PBXShellScriptBuildPhase section */

/* Begin PBXSourcesBuildPhase section */
		3D9C428C22745894000A6585 /* Sources */ = {
			isa = PBXSourcesBuildPhase;
			buildActionMask = 2147483647;
			files = (
				CF59199822F84E4000A739C1 /* WUMessagesNotificationBanner+WUMessagesProtocol.swift in Sources */,
				CF59199322F81F7900A739C1 /* WUMessage+AttributedString.swift in Sources */,
				3D9C42A222745900000A6585 /* WUMessages.swift in Sources */,
				CF59197522F1C43300A739C1 /* WUMessagesProtocol.swift in Sources */,
				CF59197D22F2E07000A739C1 /* WUMessages+NotificationBanner.swift in Sources */,
				CF59197622F1C43500A739C1 /* WUAlertsProtocol.swift in Sources */,
				CF59197922F1C4AE00A739C1 /* WUMessageAction.swift in Sources */,
				CF59199622F81FE000A739C1 /* DispatchTimeInterval+Double.swift in Sources */,
				CF59197A22F1C4B200A739C1 /* WUTextFieldMessageAction.swift in Sources */,
				CF59197822F1C4AB00A739C1 /* WUMessageSource.swift in Sources */,
				CF59197722F1C4A900A739C1 /* WUMessage.swift in Sources */,
			);
			runOnlyForDeploymentPostprocessing = 0;
		};
		3D9C42ED2274604A000A6585 /* Sources */ = {
			isa = PBXSourcesBuildPhase;
			buildActionMask = 2147483647;
			files = (
				3D9C42FC22746078000A6585 /* WUMessagesTests.swift in Sources */,
			);
			runOnlyForDeploymentPostprocessing = 0;
		};
		3D9C431D2274629B000A6585 /* Sources */ = {
			isa = PBXSourcesBuildPhase;
			buildActionMask = 2147483647;
			files = (
				CF59196822F195E100A739C1 /* ExampleMessages.swift in Sources */,
				3D9C43262274629B000A6585 /* ViewController.swift in Sources */,
				CF59199022F47C5800A739C1 /* ExampleMessages+Default.swift in Sources */,
				3D9C43242274629B000A6585 /* AppDelegate.swift in Sources */,
				CF59198E22F47BE100A739C1 /* ExampleMessagesProtocol.swift in Sources */,
			);
			runOnlyForDeploymentPostprocessing = 0;
		};
/* End PBXSourcesBuildPhase section */

/* Begin PBXTargetDependency section */
		3D9C42F82274604A000A6585 /* PBXTargetDependency */ = {
			isa = PBXTargetDependency;
			target = 3D9C428F22745894000A6585 /* WUMessages-iOS */;
			targetProxy = 3D9C42F72274604A000A6585 /* PBXContainerItemProxy */;
		};
		CF59198A22F4617900A739C1 /* PBXTargetDependency */ = {
			isa = PBXTargetDependency;
			target = 3D9C428F22745894000A6585 /* WUMessages-iOS */;
			targetProxy = CF59198922F4617900A739C1 /* PBXContainerItemProxy */;
		};
/* End PBXTargetDependency section */

/* Begin PBXVariantGroup section */
		3D9C432C2274629C000A6585 /* LaunchScreen.storyboard */ = {
			isa = PBXVariantGroup;
			children = (
				3D9C432D2274629C000A6585 /* Base */,
			);
			name = LaunchScreen.storyboard;
			sourceTree = "<group>";
		};
/* End PBXVariantGroup section */

/* Begin XCBuildConfiguration section */
		3D9C429622745894000A6585 /* Debug */ = {
			isa = XCBuildConfiguration;
			buildSettings = {
				ALWAYS_SEARCH_USER_PATHS = NO;
				CLANG_ANALYZER_NONNULL = YES;
				CLANG_ANALYZER_NUMBER_OBJECT_CONVERSION = YES_AGGRESSIVE;
				CLANG_CXX_LANGUAGE_STANDARD = "gnu++14";
				CLANG_CXX_LIBRARY = "libc++";
				CLANG_ENABLE_MODULES = YES;
				CLANG_ENABLE_OBJC_ARC = YES;
				CLANG_ENABLE_OBJC_WEAK = YES;
				CLANG_WARN_BLOCK_CAPTURE_AUTORELEASING = YES;
				CLANG_WARN_BOOL_CONVERSION = YES;
				CLANG_WARN_COMMA = YES;
				CLANG_WARN_CONSTANT_CONVERSION = YES;
				CLANG_WARN_DEPRECATED_OBJC_IMPLEMENTATIONS = YES;
				CLANG_WARN_DIRECT_OBJC_ISA_USAGE = YES_ERROR;
				CLANG_WARN_DOCUMENTATION_COMMENTS = YES;
				CLANG_WARN_EMPTY_BODY = YES;
				CLANG_WARN_ENUM_CONVERSION = YES;
				CLANG_WARN_INFINITE_RECURSION = YES;
				CLANG_WARN_INT_CONVERSION = YES;
				CLANG_WARN_NON_LITERAL_NULL_CONVERSION = YES;
				CLANG_WARN_OBJC_IMPLICIT_RETAIN_SELF = YES;
				CLANG_WARN_OBJC_LITERAL_CONVERSION = YES;
				CLANG_WARN_OBJC_ROOT_CLASS = YES_ERROR;
				CLANG_WARN_RANGE_LOOP_ANALYSIS = YES;
				CLANG_WARN_STRICT_PROTOTYPES = YES;
				CLANG_WARN_SUSPICIOUS_MOVE = YES;
				CLANG_WARN_UNGUARDED_AVAILABILITY = YES_AGGRESSIVE;
				CLANG_WARN_UNREACHABLE_CODE = YES;
				CLANG_WARN__DUPLICATE_METHOD_MATCH = YES;
				CODE_SIGN_IDENTITY = "iPhone Developer";
				COPY_PHASE_STRIP = NO;
				CURRENT_PROJECT_VERSION = 1;
				DEBUG_INFORMATION_FORMAT = dwarf;
				ENABLE_STRICT_OBJC_MSGSEND = YES;
				ENABLE_TESTABILITY = YES;
				GCC_C_LANGUAGE_STANDARD = gnu11;
				GCC_DYNAMIC_NO_PIC = NO;
				GCC_NO_COMMON_BLOCKS = YES;
				GCC_OPTIMIZATION_LEVEL = 0;
				GCC_PREPROCESSOR_DEFINITIONS = (
					"DEBUG=1",
					"$(inherited)",
				);
				GCC_WARN_64_TO_32_BIT_CONVERSION = YES;
				GCC_WARN_ABOUT_RETURN_TYPE = YES_ERROR;
				GCC_WARN_UNDECLARED_SELECTOR = YES;
				GCC_WARN_UNINITIALIZED_AUTOS = YES_AGGRESSIVE;
				GCC_WARN_UNUSED_FUNCTION = YES;
				GCC_WARN_UNUSED_VARIABLE = YES;
				IPHONEOS_DEPLOYMENT_TARGET = 8.0;
				MACOSX_DEPLOYMENT_TARGET = 10.10;
				MTL_ENABLE_DEBUG_INFO = INCLUDE_SOURCE;
				MTL_FAST_MATH = YES;
				ONLY_ACTIVE_ARCH = YES;
				SDKROOT = iphoneos;
				SWIFT_ACTIVE_COMPILATION_CONDITIONS = DEBUG;
				SWIFT_OPTIMIZATION_LEVEL = "-Onone";
				SWIFT_VERSION = 5.0;
				VERSIONING_SYSTEM = "apple-generic";
				VERSION_INFO_PREFIX = "";
			};
			name = Debug;
		};
		3D9C429722745894000A6585 /* Release */ = {
			isa = XCBuildConfiguration;
			buildSettings = {
				ALWAYS_SEARCH_USER_PATHS = NO;
				CLANG_ANALYZER_NONNULL = YES;
				CLANG_ANALYZER_NUMBER_OBJECT_CONVERSION = YES_AGGRESSIVE;
				CLANG_CXX_LANGUAGE_STANDARD = "gnu++14";
				CLANG_CXX_LIBRARY = "libc++";
				CLANG_ENABLE_MODULES = YES;
				CLANG_ENABLE_OBJC_ARC = YES;
				CLANG_ENABLE_OBJC_WEAK = YES;
				CLANG_WARN_BLOCK_CAPTURE_AUTORELEASING = YES;
				CLANG_WARN_BOOL_CONVERSION = YES;
				CLANG_WARN_COMMA = YES;
				CLANG_WARN_CONSTANT_CONVERSION = YES;
				CLANG_WARN_DEPRECATED_OBJC_IMPLEMENTATIONS = YES;
				CLANG_WARN_DIRECT_OBJC_ISA_USAGE = YES_ERROR;
				CLANG_WARN_DOCUMENTATION_COMMENTS = YES;
				CLANG_WARN_EMPTY_BODY = YES;
				CLANG_WARN_ENUM_CONVERSION = YES;
				CLANG_WARN_INFINITE_RECURSION = YES;
				CLANG_WARN_INT_CONVERSION = YES;
				CLANG_WARN_NON_LITERAL_NULL_CONVERSION = YES;
				CLANG_WARN_OBJC_IMPLICIT_RETAIN_SELF = YES;
				CLANG_WARN_OBJC_LITERAL_CONVERSION = YES;
				CLANG_WARN_OBJC_ROOT_CLASS = YES_ERROR;
				CLANG_WARN_RANGE_LOOP_ANALYSIS = YES;
				CLANG_WARN_STRICT_PROTOTYPES = YES;
				CLANG_WARN_SUSPICIOUS_MOVE = YES;
				CLANG_WARN_UNGUARDED_AVAILABILITY = YES_AGGRESSIVE;
				CLANG_WARN_UNREACHABLE_CODE = YES;
				CLANG_WARN__DUPLICATE_METHOD_MATCH = YES;
				CODE_SIGN_IDENTITY = "iPhone Developer";
				COPY_PHASE_STRIP = NO;
				CURRENT_PROJECT_VERSION = 1;
				DEBUG_INFORMATION_FORMAT = "dwarf-with-dsym";
				ENABLE_NS_ASSERTIONS = NO;
				ENABLE_STRICT_OBJC_MSGSEND = YES;
				GCC_C_LANGUAGE_STANDARD = gnu11;
				GCC_NO_COMMON_BLOCKS = YES;
				GCC_WARN_64_TO_32_BIT_CONVERSION = YES;
				GCC_WARN_ABOUT_RETURN_TYPE = YES_ERROR;
				GCC_WARN_UNDECLARED_SELECTOR = YES;
				GCC_WARN_UNINITIALIZED_AUTOS = YES_AGGRESSIVE;
				GCC_WARN_UNUSED_FUNCTION = YES;
				GCC_WARN_UNUSED_VARIABLE = YES;
				IPHONEOS_DEPLOYMENT_TARGET = 8.0;
				MACOSX_DEPLOYMENT_TARGET = 10.10;
				MTL_ENABLE_DEBUG_INFO = NO;
				MTL_FAST_MATH = YES;
				SDKROOT = iphoneos;
				SWIFT_COMPILATION_MODE = wholemodule;
				SWIFT_OPTIMIZATION_LEVEL = "-O";
				SWIFT_VERSION = 5.0;
				VALIDATE_PRODUCT = YES;
				VERSIONING_SYSTEM = "apple-generic";
				VERSION_INFO_PREFIX = "";
			};
			name = Release;
		};
		3D9C429922745894000A6585 /* Debug */ = {
			isa = XCBuildConfiguration;
			baseConfigurationReference = 63CD216DB467110B3B553D73 /* Pods-WUMessages-iOS.debug.xcconfig */;
			buildSettings = {
				APPLICATION_EXTENSION_API_ONLY = NO;
				CLANG_ENABLE_MODULES = YES;
				CODE_SIGN_IDENTITY = "";
				CODE_SIGN_STYLE = Manual;
				DEFINES_MODULE = YES;
				DEVELOPMENT_TEAM = "";
				DYLIB_COMPATIBILITY_VERSION = 1;
				DYLIB_CURRENT_VERSION = 1;
				DYLIB_INSTALL_NAME_BASE = "@rpath";
				INFOPLIST_FILE = Configs/WUMessages.plist;
				INSTALL_PATH = "$(LOCAL_LIBRARY_DIR)/Frameworks";
				IPHONEOS_DEPLOYMENT_TARGET = 10.0;
				LD_RUNPATH_SEARCH_PATHS = (
					"$(inherited)",
					"@executable_path/Frameworks",
					"@loader_path/Frameworks",
				);
				PRODUCT_BUNDLE_IDENTIFIER = "com.wundermobility.WUMessages-iOS";
				PRODUCT_NAME = WUMessages;
				PROVISIONING_PROFILE_SPECIFIER = "";
				SKIP_INSTALL = YES;
				SWIFT_OPTIMIZATION_LEVEL = "-Onone";
				SWIFT_VERSION = 5.0;
				TARGETED_DEVICE_FAMILY = "1,2";
			};
			name = Debug;
		};
		3D9C429A22745894000A6585 /* Release */ = {
			isa = XCBuildConfiguration;
			baseConfigurationReference = 807923CF68C2DA500B99DACB /* Pods-WUMessages-iOS.release.xcconfig */;
			buildSettings = {
				APPLICATION_EXTENSION_API_ONLY = NO;
				CLANG_ENABLE_MODULES = YES;
				CODE_SIGN_IDENTITY = "";
				CODE_SIGN_STYLE = Manual;
				DEFINES_MODULE = YES;
				DEVELOPMENT_TEAM = "";
				DYLIB_COMPATIBILITY_VERSION = 1;
				DYLIB_CURRENT_VERSION = 1;
				DYLIB_INSTALL_NAME_BASE = "@rpath";
				INFOPLIST_FILE = Configs/WUMessages.plist;
				INSTALL_PATH = "$(LOCAL_LIBRARY_DIR)/Frameworks";
				IPHONEOS_DEPLOYMENT_TARGET = 10.0;
				LD_RUNPATH_SEARCH_PATHS = (
					"$(inherited)",
					"@executable_path/Frameworks",
					"@loader_path/Frameworks",
				);
				PRODUCT_BUNDLE_IDENTIFIER = "com.wundermobility.WUMessages-iOS";
				PRODUCT_NAME = WUMessages;
				PROVISIONING_PROFILE_SPECIFIER = "";
				SKIP_INSTALL = YES;
				SWIFT_VERSION = 5.0;
				TARGETED_DEVICE_FAMILY = "1,2";
			};
			name = Release;
		};
		3D9C42FA2274604A000A6585 /* Debug */ = {
			isa = XCBuildConfiguration;
			baseConfigurationReference = 57831E923136498C185A22F8 /* Pods-WUMessages-iOSTests.debug.xcconfig */;
			buildSettings = {
				CODE_SIGN_STYLE = Automatic;
				INFOPLIST_FILE = Configs/WUMessagesTests.plist;
				IPHONEOS_DEPLOYMENT_TARGET = 10.0;
				LD_RUNPATH_SEARCH_PATHS = (
					"$(inherited)",
					"@executable_path/Frameworks",
					"@loader_path/Frameworks",
				);
				PRODUCT_BUNDLE_IDENTIFIER = "com.wundermobility.WUMessages-iOSTests";
				PRODUCT_NAME = "$(TARGET_NAME)";
				SWIFT_VERSION = 5.0;
				TARGETED_DEVICE_FAMILY = "1,2";
			};
			name = Debug;
		};
		3D9C42FB2274604A000A6585 /* Release */ = {
			isa = XCBuildConfiguration;
			baseConfigurationReference = 760FE71EBE9E38C9B7DF4567 /* Pods-WUMessages-iOSTests.release.xcconfig */;
			buildSettings = {
				CODE_SIGN_STYLE = Automatic;
				INFOPLIST_FILE = Configs/WUMessagesTests.plist;
				IPHONEOS_DEPLOYMENT_TARGET = 10.0;
				LD_RUNPATH_SEARCH_PATHS = (
					"$(inherited)",
					"@executable_path/Frameworks",
					"@loader_path/Frameworks",
				);
				PRODUCT_BUNDLE_IDENTIFIER = "com.wundermobility.WUMessages-iOSTests";
				PRODUCT_NAME = "$(TARGET_NAME)";
				SWIFT_VERSION = 5.0;
				TARGETED_DEVICE_FAMILY = "1,2";
			};
			name = Release;
		};
		3D9C43312274629C000A6585 /* Debug */ = {
			isa = XCBuildConfiguration;
			baseConfigurationReference = 9C6367A02D8C82B2537DA6B7 /* Pods-Example.debug.xcconfig */;
			buildSettings = {
				ASSETCATALOG_COMPILER_APPICON_NAME = AppIcon;
				CODE_SIGN_STYLE = Manual;
				DEVELOPMENT_TEAM = "";
				INFOPLIST_FILE = Example/Resources/Info.plist;
				IPHONEOS_DEPLOYMENT_TARGET = 10.0;
				LD_RUNPATH_SEARCH_PATHS = (
					"$(inherited)",
					"@executable_path/Frameworks",
				);
				PRODUCT_BUNDLE_IDENTIFIER = "com.wundermobility-iOS.Example";
				PRODUCT_NAME = "$(TARGET_NAME)";
				PROVISIONING_PROFILE_SPECIFIER = "";
				SWIFT_VERSION = 5.0;
				TARGETED_DEVICE_FAMILY = "1,2";
			};
			name = Debug;
		};
		3D9C43322274629C000A6585 /* Release */ = {
			isa = XCBuildConfiguration;
			baseConfigurationReference = A0E48D44C8DC845DD4BF8D3E /* Pods-Example.release.xcconfig */;
			buildSettings = {
				ASSETCATALOG_COMPILER_APPICON_NAME = AppIcon;
				CODE_SIGN_STYLE = Manual;
				DEVELOPMENT_TEAM = "";
				INFOPLIST_FILE = Example/Resources/Info.plist;
				IPHONEOS_DEPLOYMENT_TARGET = 10.0;
				LD_RUNPATH_SEARCH_PATHS = (
					"$(inherited)",
					"@executable_path/Frameworks",
				);
				PRODUCT_BUNDLE_IDENTIFIER = "com.wundermobility-iOS.Example";
				PRODUCT_NAME = "$(TARGET_NAME)";
				PROVISIONING_PROFILE_SPECIFIER = "";
				SWIFT_VERSION = 5.0;
				TARGETED_DEVICE_FAMILY = "1,2";
			};
			name = Release;
		};
/* End XCBuildConfiguration section */

/* Begin XCConfigurationList section */
		3D9C428A22745894000A6585 /* Build configuration list for PBXProject "WUMessages" */ = {
			isa = XCConfigurationList;
			buildConfigurations = (
				3D9C429622745894000A6585 /* Debug */,
				3D9C429722745894000A6585 /* Release */,
			);
			defaultConfigurationIsVisible = 0;
			defaultConfigurationName = Release;
		};
		3D9C429822745894000A6585 /* Build configuration list for PBXNativeTarget "WUMessages-iOS" */ = {
			isa = XCConfigurationList;
			buildConfigurations = (
				3D9C429922745894000A6585 /* Debug */,
				3D9C429A22745894000A6585 /* Release */,
			);
			defaultConfigurationIsVisible = 0;
			defaultConfigurationName = Release;
		};
		3D9C42F92274604A000A6585 /* Build configuration list for PBXNativeTarget "WUMessages-iOSTests" */ = {
			isa = XCConfigurationList;
			buildConfigurations = (
				3D9C42FA2274604A000A6585 /* Debug */,
				3D9C42FB2274604A000A6585 /* Release */,
			);
			defaultConfigurationIsVisible = 0;
			defaultConfigurationName = Release;
		};
		3D9C43302274629C000A6585 /* Build configuration list for PBXNativeTarget "Example" */ = {
			isa = XCConfigurationList;
			buildConfigurations = (
				3D9C43312274629C000A6585 /* Debug */,
				3D9C43322274629C000A6585 /* Release */,
			);
			defaultConfigurationIsVisible = 0;
			defaultConfigurationName = Release;
		};
/* End XCConfigurationList section */
	};
	rootObject = 3D9C428722745894000A6585 /* Project object */;
}
